
Microsoft Visual Studio Solution File, Format Version 12.00
# Visual Studio Version 17
VisualStudioVersion = 17.14.37516.0 d17.14
MinimumVisualStudioVersion = 10.0.40219.1
Project("{FAE04EC0-301F-11D3-BF4B-00C04F79EFBC}") = "AdventureWorks.WCFServices", "AdventureWorks.WCFPersonService\AdventureWorks.WCFServices.csproj", "{E8BCF9B2-6604-4FB0-9A63-2D0BC16057DC}"
EndProject
Project("{FAE04EC0-301F-11D3-BF4B-00C04F79EFBC}") = "AdventureWorks.GrpcService", "AdventureWorks.GrpcService\AdventureWorks.GrpcService.csproj", "{7DD9ECDF-2662-46DB-99F4-0B5D2A69B901}"
EndProject
Project("{FAE04EC0-301F-11D3-BF4B-00C04F79EFBC}") = "AdventureWorks.WCFEntities", "AdventureWorks.WCFEntities\AdventureWorks.WCFEntities.csproj", "{F400E866-60EA-4E9D-AB30-D055A982E142}"
EndProject
Project("{FAE04EC0-301F-11D3-BF4B-00C04F79EFBC}") = "AdventureWorks.GrpcClient", "AdventureWorks.GrpcClient\AdventureWorks.GrpcClient.csproj", "{CAF30A6F-D09C-4A68-9C5C-0B2D8C344BE4}"
EndProject
Project("{2150E333-8FDC-42A3-9474-1A3956D46DE8}") = "Solution Items", "Solution Items", "{8EC462FD-D22E-90A8-E5CE-7E832BA40C5D}"
	ProjectSection(SolutionItems) = preProject
		README.md = README.md
	EndProjectSection
EndProject
Global
	GlobalSection(SolutionConfigurationPlatforms) = preSolution
		Debug|Any CPU = Debug|Any CPU
		Release|Any CPU = Release|Any CPU
	EndGlobalSection
	GlobalSection(ProjectConfigurationPlatforms) = postSolution
		{E8BCF9B2-6604-4FB0-9A63-2D0BC16057DC}.Debug|Any CPU.ActiveCfg = Debug|Any CPU
		{E8BCF9B2-6604-4FB0-9A63-2D0BC16057DC}.Debug|Any CPU.Build.0 = Debug|Any CPU
		{E8BCF9B2-6604-4FB0-9A63-2D0BC16057DC}.Release|Any CPU.ActiveCfg = Release|Any CPU
		{E8BCF9B2-6604-4FB0-9A63-2D0BC16057DC}.Release|Any CPU.Build.0 = Release|Any CPU
		{7DD9ECDF-2662-46DB-99F4-0B5D2A69B901}.Debug|Any CPU.ActiveCfg = Debug|Any CPU
		{7DD9ECDF-2662-46DB-99F4-0B5D2A69B901}.Debug|Any CPU.Build.0 = Debug|Any CPU
		{7DD9ECDF-2662-46DB-99F4-0B5D2A69B901}.Release|Any CPU.ActiveCfg = Release|Any CPU
		{7DD9ECDF-2662-46DB-99F4-0B5D2A69B901}.Release|Any CPU.Build.0 = Release|Any CPU
		{F400E866-60EA-4E9D-AB30-D055A982E142}.Debug|Any CPU.ActiveCfg = Debug|Any CPU
		{F400E866-60EA-4E9D-AB30-D055A982E142}.Debug|Any CPU.Build.0 = Debug|Any CPU
		{F400E866-60EA-4E9D-AB30-D055A982E142}.Release|Any CPU.ActiveCfg = Release|Any CPU
		{F400E866-60EA-4E9D-AB30-D055A982E142}.Release|Any CPU.Build.0 = Release|Any CPU
		{CAF30A6F-D09C-4A68-9C5C-0B2D8C344BE4}.Debug|Any CPU.ActiveCfg = Debug|Any CPU
		{CAF30A6F-D09C-4A68-9C5C-0B2D8C344BE4}.Debug|Any CPU.Build.0 = Debug|Any CPU
		{CAF30A6F-D09C-4A68-9C5C-0B2D8C344BE4}.Release|Any CPU.ActiveCfg = Release|Any CPU
		{CAF30A6F-D09C-4A68-9C5C-0B2D8C344BE4}.Release|Any CPU.Build.0 = Release|Any CPU
	EndGlobalSection
	GlobalSection(SolutionProperties) = preSolution
		HideSolutionNode = FALSE
	EndGlobalSection
	GlobalSection(ExtensibilityGlobals) = postSolution
		SolutionGuid = {D026BE08-5744-4FA8-84F0-3B71B1741AAF}
	EndGlobalSection
EndGlobal
